// !$*UTF8*$!
{
	archiveVersion = 1;
	classes = {
	};
	objectVersion = 56;
	objects = {

/* Begin PBXBuildFile section */
		97A987D628DBB01C0037D939 /* SwiftUIStateApp.swift in Sources */ = {isa = PBXBuildFile; fileRef = 97A987D528DBB01C0037D939 /* SwiftUIStateApp.swift */; };
		97A987D828DBB01C0037D939 /* ContentView.swift in Sources */ = {isa = PBXBuildFile; fileRef = 97A987D728DBB01C0037D939 /* ContentView.swift */; };
		97A987DA28DBB01E0037D939 /* Assets.xcassets in Resources */ = {isa = PBXBuildFile; fileRef = 97A987D928DBB01E0037D939 /* Assets.xcassets */; };
		97A987DD28DBB01E0037D939 /* Preview Assets.xcassets in Resources */ = {isa = PBXBuildFile; fileRef = 97A987DC28DBB01E0037D939 /* Preview Assets.xcassets */; };
		97A987E728DBB01F0037D939 /* SwiftUIStateTests.swift in Sources */ = {isa = PBXBuildFile; fileRef = 97A987E628DBB01F0037D939 /* SwiftUIStateTests.swift */; };
		97A987F128DBB01F0037D939 /* SwiftUIStateUITests.swift in Sources */ = {isa = PBXBuildFile; fileRef = 97A987F028DBB01F0037D939 /* SwiftUIStateUITests.swift */; };
		97A987F328DBB01F0037D939 /* SwiftUIStateUITestsLaunchTests.swift in Sources */ = {isa = PBXBuildFile; fileRef = 97A987F228DBB01F0037D939 /* SwiftUIStateUITestsLaunchTests.swift */; };
/* End PBXBuildFile section */

/* Begin PBXContainerItemProxy section */
		97A987E328DBB01F0037D939 /* PBXContainerItemProxy */ = {
			isa = PBXContainerItemProxy;
			containerPortal = 97A987CA28DBB01C0037D939 /* Project object */;
			proxyType = 1;
			remoteGlobalIDString = 97A987D128DBB01C0037D939;
			remoteInfo = SwiftUIState;
		};
		97A987ED28DBB01F0037D939 /* PBXContainerItemProxy */ = {
			isa = PBXContainerItemProxy;
			containerPortal = 97A987CA28DBB01C0037D939 /* Project object */;
			proxyType = 1;
			remoteGlobalIDString = 97A987D128DBB01C0037D939;
			remoteInfo = SwiftUIState;
		};
/* End PBXContainerItemProxy section */

/* Begin PBXFileReference section */
		97A987D228DBB01C0037D939 /* SwiftUIState.app */ = {isa = PBXFileReference; explicitFileType = wrapper.application; includeInIndex = 0; path = SwiftUIState.app; sourceTree = BUILT_PRODUCTS_DIR; };
		97A987D528DBB01C0037D939 /* SwiftUIStateApp.swift */ = {isa = PBXFileReference; lastKnownFileType = sourcecode.swift; path = SwiftUIStateApp.swift; sourceTree = "<group>"; };
		97A987D728DBB01C0037D939 /* ContentView.swift */ = {isa = PBXFileReference; lastKnownFileType = sourcecode.swift; path = ContentView.swift; sourceTree = "<group>"; };
		97A987D928DBB01E0037D939 /* Assets.xcassets */ = {isa = PBXFileReference; lastKnownFileType = folder.assetcatalog; path = Assets.xcassets; sourceTree = "<group>"; };
		97A987DC28DBB01E0037D939 /* Preview Assets.xcassets */ = {isa = PBXFileReference; lastKnownFileType = folder.assetcatalog; path = "Preview Assets.xcassets"; sourceTree = "<group>"; };
		97A987E228DBB01F0037D939 /* SwiftUIStateTests.xctest */ = {isa = PBXFileReference; explicitFileType = wrapper.cfbundle; includeInIndex = 0; path = SwiftUIStateTests.xctest; sourceTree = BUILT_PRODUCTS_DIR; };
		97A987E628DBB01F0037D939 /* SwiftUIStateTests.swift */ = {isa = PBXFileReference; lastKnownFileType = sourcecode.swift; path = SwiftUIStateTests.swift; sourceTree = "<group>"; };
		97A987EC28DBB01F0037D939 /* SwiftUIStateUITests.xctest */ = {isa = PBXFileReference; explicitFileType = wrapper.cfbundle; includeInIndex = 0; path = SwiftUIStateUITests.xctest; sourceTree = BUILT_PRODUCTS_DIR; };
		97A987F028DBB01F0037D939 /* SwiftUIStateUITests.swift */ = {isa = PBXFileReference; lastKnownFileType = sourcecode.swift; path = SwiftUIStateUITests.swift; sourceTree = "<group>"; };
		97A987F228DBB01F0037D939 /* SwiftUIStateUITestsLaunchTests.swift */ = {isa = PBXFileReference; lastKnownFileType = sourcecode.swift; path = SwiftUIStateUITestsLaunchTests.swift; sourceTree = "<group>"; };
/* End PBXFileReference section */

/* Begin PBXFrameworksBuildPhase section */
		97A987CF28DBB01C0037D939 /* Frameworks */ = {
			isa = PBXFrameworksBuildPhase;
			buildActionMask = 2147483647;
			files = (
			);
			runOnlyForDeploymentPostprocessing = 0;
		};
		97A987DF28DBB01F0037D939 /* Frameworks */ = {
			isa = PBXFrameworksBuildPhase;
			buildActionMask = 2147483647;
			files = (
			);
			runOnlyForDeploymentPostprocessing = 0;
		};
		97A987E928DBB01F0037D939 /* Frameworks */ = {
			isa = PBXFrameworksBuildPhase;
			buildActionMask = 2147483647;
			files = (
			);
			runOnlyForDeploymentPostprocessing = 0;
		};
/* End PBXFrameworksBuildPhase section */

/* Begin PBXGroup section */
		97A987C928DBB01C0037D939 = {
			isa = PBXGroup;
			children = (
				97A987D428DBB01C0037D939 /* SwiftUIState */,
				97A987E528DBB01F0037D939 /* SwiftUIStateTests */,
				97A987EF28DBB01F0037D939 /* SwiftUIStateUITests */,
				97A987D328DBB01C0037D939 /* Products */,
			);
			sourceTree = "<group>";
		};
		97A987D328DBB01C0037D939 /* Products */ = {
			isa = PBXGroup;
			children = (
				97A987D228DBB01C0037D939 /* SwiftUIState.app */,
				97A987E228DBB01F0037D939 /* SwiftUIStateTests.xctest */,
				97A987EC28DBB01F0037D939 /* SwiftUIStateUITests.xctest */,
			);
			name = Products;
			sourceTree = "<group>";
		};
		97A987D428DBB01C0037D939 /* SwiftUIState */ = {
			isa = PBXGroup;
			children = (
				97A987D528DBB01C0037D939 /* SwiftUIStateApp.swift */,
				97A987D728DBB01C0037D939 /* ContentView.swift */,
				97A987D928DBB01E0037D939 /* Assets.xcassets */,
				97A987DB28DBB01E0037D939 /* Preview Content */,
			);
			path = SwiftUIState;
			sourceTree = "<group>";
		};
		97A987DB28DBB01E0037D939 /* Preview Content */ = {
			isa = PBXGroup;
			children = (
				97A987DC28DBB01E0037D939 /* Preview Assets.xcassets */,
			);
			path = "Preview Content";
			sourceTree = "<group>";
		};
		97A987E528DBB01F0037D939 /* SwiftUIStateTests */ = {
			isa = PBXGroup;
			children = (
				97A987E628DBB01F0037D939 /* SwiftUIStateTests.swift */,
			);
			path = SwiftUIStateTests;
			sourceTree = "<group>";
		};
		97A987EF28DBB01F0037D939 /* SwiftUIStateUITests */ = {
			isa = PBXGroup;
			children = (
				97A987F028DBB01F0037D939 /* SwiftUIStateUITests.swift */,
				97A987F228DBB01F0037D939 /* SwiftUIStateUITestsLaunchTests.swift */,
			);
			path = SwiftUIStateUITests;
			sourceTree = "<group>";
		};
/* End PBXGroup section */

/* Begin PBXNativeTarget section */
		97A987D128DBB01C0037D939 /* SwiftUIState */ = {
			isa = PBXNativeTarget;
			buildConfigurationList = 97A987F628DBB01F0037D939 /* Build configuration list for PBXNativeTarget "SwiftUIState" */;
			buildPhases = (
				97A987CE28DBB01C0037D939 /* Sources */,
				97A987CF28DBB01C0037D939 /* Frameworks */,
				97A987D028DBB01C0037D939 /* Resources */,
			);
			buildRules = (
			);
			dependencies = (
			);
			name = SwiftUIState;
			productName = SwiftUIState;
			productReference = 97A987D228DBB01C0037D939 /* SwiftUIState.app */;
			productType = "com.apple.product-type.application";
		};
		97A987E128DBB01F0037D939 /* SwiftUIStateTests */ = {
			isa = PBXNativeTarget;
			buildConfigurationList = 97A987F928DBB01F0037D939 /* Build configuration list for PBXNativeTarget "SwiftUIStateTests" */;
			buildPhases = (
				97A987DE28DBB01F0037D939 /* Sources */,
				97A987DF28DBB01F0037D939 /* Frameworks */,
				97A987E028DBB01F0037D939 /* Resources */,
			);
			buildRules = (
			);
			dependencies = (
				97A987E428DBB01F0037D939 /* PBXTargetDependency */,
			);
			name = SwiftUIStateTests;
			productName = SwiftUIStateTests;
			productReference = 97A987E228DBB01F0037D939 /* SwiftUIStateTests.xctest */;
			productType = "com.apple.product-type.bundle.unit-test";
		};
		97A987EB28DBB01F0037D939 /* SwiftUIStateUITests */ = {
			isa = PBXNativeTarget;
			buildConfigurationList = 97A987FC28DBB01F0037D939 /* Build configuration list for PBXNativeTarget "SwiftUIStateUITests" */;
			buildPhases = (
				97A987E828DBB01F0037D939 /* Sources */,
				97A987E928DBB01F0037D939 /* Frameworks */,
				97A987EA28DBB01F0037D939 /* Resources */,
			);
			buildRules = (
			);
			dependencies = (
				97A987EE28DBB01F0037D939 /* PBXTargetDependency */,
			);
			name = SwiftUIStateUITests;
			productName = SwiftUIStateUITests;
			productReference = 97A987EC28DBB01F0037D939 /* SwiftUIStateUITests.xctest */;
			productType = "com.apple.product-type.bundle.ui-testing";
		};
/* End PBXNativeTarget section */

/* Begin PBXProject section */
		97A987CA28DBB01C0037D939 /* Project object */ = {
			isa = PBXProject;
			attributes = {
				BuildIndependentTargetsInParallel = 1;
				LastSwiftUpdateCheck = 1400;
				LastUpgradeCheck = 1400;
				TargetAttributes = {
					97A987D128DBB01C0037D939 = {
						CreatedOnToolsVersion = 14.0;
					};
					97A987E128DBB01F0037D939 = {
						CreatedOnToolsVersion = 14.0;
						TestTargetID = 97A987D128DBB01C0037D939;
					};
					97A987EB28DBB01F0037D939 = {
						CreatedOnToolsVersion = 14.0;
						TestTargetID = 97A987D128DBB01C0037D939;
					};
				};
			};
			buildConfigurationList = 97A987CD28DBB01C0037D939 /* Build configuration list for PBXProject "SwiftUIState" */;
			compatibilityVersion = "Xcode 14.0";
			developmentRegion = en;
			hasScannedForEncodings = 0;
			knownRegions = (
				en,
				Base,
			);
			mainGroup = 97A987C928DBB01C0037D939;
			productRefGroup = 97A987D328DBB01C0037D939 /* Products */;
			projectDirPath = "";
			projectRoot = "";
			targets = (
				97A987D128DBB01C0037D939 /* SwiftUIState */,
				97A987E128DBB01F0037D939 /* SwiftUIStateTests */,
				97A987EB28DBB01F0037D939 /* SwiftUIStateUITests */,
			);
		};
/* End PBXProject section */

/* Begin PBXResourcesBuildPhase section */
		97A987D028DBB01C0037D939 /* Resources */ = {
			isa = PBXResourcesBuildPhase;
			buildActionMask = 2147483647;
			files = (
				97A987DD28DBB01E0037D939 /* Preview Assets.xcassets in Resources */,
				97A987DA28DBB01E0037D939 /* Assets.xcassets in Resources */,
			);
			runOnlyForDeploymentPostprocessing = 0;
		};
		97A987E028DBB01F0037D939 /* Resources */ = {
			isa = PBXResourcesBuildPhase;
			buildActionMask = 2147483647;
			files = (
			);
			runOnlyForDeploymentPostprocessing = 0;
		};
		97A987EA28DBB01F0037D939 /* Resources */ = {
			isa = PBXResourcesBuildPhase;
			buildActionMask = 2147483647;
			files = (
			);
			runOnlyForDeploymentPostprocessing = 0;
		};
/* End PBXResourcesBuildPhase section */

/* Begin PBXSourcesBuildPhase section */
		97A987CE28DBB01C0037D939 /* Sources */ = {
			isa = PBXSourcesBuildPhase;
			buildActionMask = 2147483647;
			files = (
				97A987D828DBB01C0037D939 /* ContentView.swift in Sources */,
				97A987D628DBB01C0037D939 /* SwiftUIStateApp.swift in Sources */,
			);
			runOnlyForDeploymentPostprocessing = 0;
		};
		97A987DE28DBB01F0037D939 /* Sources */ = {
			isa = PBXSourcesBuildPhase;
			buildActionMask = 2147483647;
			files = (
				97A987E728DBB01F0037D939 /* SwiftUIStateTests.swift in Sources */,
			);
			runOnlyForDeploymentPostprocessing = 0;
		};
		97A987E828DBB01F0037D939 /* Sources */ = {
			isa = PBXSourcesBuildPhase;
			buildActionMask = 2147483647;
			files = (
				97A987F328DBB01F0037D939 /* SwiftUIStateUITestsLaunchTests.swift in Sources */,
				97A987F128DBB01F0037D939 /* SwiftUIStateUITests.swift in Sources */,
			);
			runOnlyForDeploymentPostprocessing = 0;
		};
/* End PBXSourcesBuildPhase section */

/* Begin PBXTargetDependency section */
		97A987E428DBB01F0037D939 /* PBXTargetDependency */ = {
			isa = PBXTargetDependency;
			target = 97A987D128DBB01C0037D939 /* SwiftUIState */;
			targetProxy = 97A987E328DBB01F0037D939 /* PBXContainerItemProxy */;
		};
		97A987EE28DBB01F0037D939 /* PBXTargetDependency */ = {
			isa = PBXTargetDependency;
			target = 97A987D128DBB01C0037D939 /* SwiftUIState */;
			targetProxy = 97A987ED28DBB01F0037D939 /* PBXContainerItemProxy */;
		};
/* End PBXTargetDependency section */

/* Begin XCBuildConfiguration section */
		97A987F428DBB01F0037D939 /* Debug */ = {
			isa = XCBuildConfiguration;
			buildSettings = {
				ALWAYS_SEARCH_USER_PATHS = NO;
				CLANG_ANALYZER_NONNULL = YES;
				CLANG_ANALYZER_NUMBER_OBJECT_CONVERSION = YES_AGGRESSIVE;
				CLANG_CXX_LANGUAGE_STANDARD = "gnu++20";
				CLANG_ENABLE_MODULES = YES;
				CLANG_ENABLE_OBJC_ARC = YES;
				CLANG_ENABLE_OBJC_WEAK = YES;
				CLANG_WARN_BLOCK_CAPTURE_AUTORELEASING = YES;
				CLANG_WARN_BOOL_CONVERSION = YES;
				CLANG_WARN_COMMA = YES;
				CLANG_WARN_CONSTANT_CONVERSION = YES;
				CLANG_WARN_DEPRECATED_OBJC_IMPLEMENTATIONS = YES;
				CLANG_WARN_DIRECT_OBJC_ISA_USAGE = YES_ERROR;
				CLANG_WARN_DOCUMENTATION_COMMENTS = YES;
				CLANG_WARN_EMPTY_BODY = YES;
				CLANG_WARN_ENUM_CONVERSION = YES;
				CLANG_WARN_INFINITE_RECURSION = YES;
				CLANG_WARN_INT_CONVERSION = YES;
				CLANG_WARN_NON_LITERAL_NULL_CONVERSION = YES;
				CLANG_WARN_OBJC_IMPLICIT_RETAIN_SELF = YES;
				CLANG_WARN_OBJC_LITERAL_CONVERSION = YES;
				CLANG_WARN_OBJC_ROOT_CLASS = YES_ERROR;
				CLANG_WARN_QUOTED_INCLUDE_IN_FRAMEWORK_HEADER = YES;
				CLANG_WARN_RANGE_LOOP_ANALYSIS = YES;
				CLANG_WARN_STRICT_PROTOTYPES = YES;
				CLANG_WARN_SUSPICIOUS_MOVE = YES;
				CLANG_WARN_UNGUARDED_AVAILABILITY = YES_AGGRESSIVE;
				CLANG_WARN_UNREACHABLE_CODE = YES;
				CLANG_WARN__DUPLICATE_METHOD_MATCH = YES;
				COPY_PHASE_STRIP = NO;
				DEBUG_INFORMATION_FORMAT = dwarf;
				ENABLE_STRICT_OBJC_MSGSEND = YES;
				ENABLE_TESTABILITY = YES;
				GCC_C_LANGUAGE_STANDARD = gnu11;
				GCC_DYNAMIC_NO_PIC = NO;
				GCC_NO_COMMON_BLOCKS = YES;
				GCC_OPTIMIZATION_LEVEL = 0;
				GCC_PREPROCESSOR_DEFINITIONS = (
					"DEBUG=1",
					"$(inherited)",
				);
				GCC_WARN_64_TO_32_BIT_CONVERSION = YES;
				GCC_WARN_ABOUT_RETURN_TYPE = YES_ERROR;
				GCC_WARN_UNDECLARED_SELECTOR = YES;
				GCC_WARN_UNINITIALIZED_AUTOS = YES_AGGRESSIVE;
				GCC_WARN_UNUSED_FUNCTION = YES;
				GCC_WARN_UNUSED_VARIABLE = YES;
				IPHONEOS_DEPLOYMENT_TARGET = 16.0;
				MTL_ENABLE_DEBUG_INFO = INCLUDE_SOURCE;
				MTL_FAST_MATH = YES;
				ONLY_ACTIVE_ARCH = YES;
				SDKROOT = iphoneos;
				SWIFT_ACTIVE_COMPILATION_CONDITIONS = DEBUG;
				SWIFT_OPTIMIZATION_LEVEL = "-Onone";
			};
			name = Debug;
		};
		97A987F528DBB01F0037D939 /* Release */ = {
			isa = XCBuildConfiguration;
			buildSettings = {
				ALWAYS_SEARCH_USER_PATHS = NO;
				CLANG_ANALYZER_NONNULL = YES;
				CLANG_ANALYZER_NUMBER_OBJECT_CONVERSION = YES_AGGRESSIVE;
				CLANG_CXX_LANGUAGE_STANDARD = "gnu++20";
				CLANG_ENABLE_MODULES = YES;
				CLANG_ENABLE_OBJC_ARC = YES;
				CLANG_ENABLE_OBJC_WEAK = YES;
				CLANG_WARN_BLOCK_CAPTURE_AUTORELEASING = YES;
				CLANG_WARN_BOOL_CONVERSION = YES;
				CLANG_WARN_COMMA = YES;
				CLANG_WARN_CONSTANT_CONVERSION = YES;
				CLANG_WARN_DEPRECATED_OBJC_IMPLEMENTATIONS = YES;
				CLANG_WARN_DIRECT_OBJC_ISA_USAGE = YES_ERROR;
				CLANG_WARN_DOCUMENTATION_COMMENTS = YES;
				CLANG_WARN_EMPTY_BODY = YES;
				CLANG_WARN_ENUM_CONVERSION = YES;
				CLANG_WARN_INFINITE_RECURSION = YES;
				CLANG_WARN_INT_CONVERSION = YES;
				CLANG_WARN_NON_LITERAL_NULL_CONVERSION = YES;
				CLANG_WARN_OBJC_IMPLICIT_RETAIN_SELF = YES;
				CLANG_WARN_OBJC_LITERAL_CONVERSION = YES;
				CLANG_WARN_OBJC_ROOT_CLASS = YES_ERROR;
				CLANG_WARN_QUOTED_INCLUDE_IN_FRAMEWORK_HEADER = YES;
				CLANG_WARN_RANGE_LOOP_ANALYSIS = YES;
				CLANG_WARN_STRICT_PROTOTYPES = YES;
				CLANG_WARN_SUSPICIOUS_MOVE = YES;
				CLANG_WARN_UNGUARDED_AVAILABILITY = YES_AGGRESSIVE;
				CLANG_WARN_UNREACHABLE_CODE = YES;
				CLANG_WARN__DUPLICATE_METHOD_MATCH = YES;
				COPY_PHASE_STRIP = NO;
				DEBUG_INFORMATION_FORMAT = "dwarf-with-dsym";
				ENABLE_NS_ASSERTIONS = NO;
				ENABLE_STRICT_OBJC_MSGSEND = YES;
				GCC_C_LANGUAGE_STANDARD = gnu11;
				GCC_NO_COMMON_BLOCKS = YES;
				GCC_WARN_64_TO_32_BIT_CONVERSION = YES;
				GCC_WARN_ABOUT_RETURN_TYPE = YES_ERROR;
				GCC_WARN_UNDECLARED_SELECTOR = YES;
				GCC_WARN_UNINITIALIZED_AUTOS = YES_AGGRESSIVE;
				GCC_WARN_UNUSED_FUNCTION = YES;
				GCC_WARN_UNUSED_VARIABLE = YES;
				IPHONEOS_DEPLOYMENT_TARGET = 16.0;
				MTL_ENABLE_DEBUG_INFO = NO;
				MTL_FAST_MATH = YES;
				SDKROOT = iphoneos;
				SWIFT_COMPILATION_MODE = wholemodule;
				SWIFT_OPTIMIZATION_LEVEL = "-O";
				VALIDATE_PRODUCT = YES;
			};
			name = Release;
		};
		97A987F728DBB01F0037D939 /* Debug */ = {
			isa = XCBuildConfiguration;
			buildSettings = {
				ASSETCATALOG_COMPILER_APPICON_NAME = AppIcon;
				ASSETCATALOG_COMPILER_GLOBAL_ACCENT_COLOR_NAME = AccentColor;
				CODE_SIGN_STYLE = Automatic;
				CURRENT_PROJECT_VERSION = 1;
				DEVELOPMENT_ASSET_PATHS = "\"SwiftUIState/Preview Content\"";
				ENABLE_PREVIEWS = YES;
				GENERATE_INFOPLIST_FILE = YES;
				INFOPLIST_KEY_UIApplicationSceneManifest_Generation = YES;
				INFOPLIST_KEY_UIApplicationSupportsIndirectInputEvents = YES;
				INFOPLIST_KEY_UILaunchScreen_Generation = YES;
				INFOPLIST_KEY_UISupportedInterfaceOrientations_iPad = "UIInterfaceOrientationPortrait UIInterfaceOrientationPortraitUpsideDown UIInterfaceOrientationLandscapeLeft UIInterfaceOrientationLandscapeRight";
				INFOPLIST_KEY_UISupportedInterfaceOrientations_iPhone = "UIInterfaceOrientationPortrait UIInterfaceOrientationLandscapeLeft UIInterfaceOrientationLandscapeRight";
				LD_RUNPATH_SEARCH_PATHS = (
					"$(inherited)",
					"@executable_path/Frameworks",
				);
				MARKETING_VERSION = 1.0;
				PRODUCT_BUNDLE_IDENTIFIER = com.meggleason.SwiftUIState;
				PRODUCT_NAME = "$(TARGET_NAME)";
				SWIFT_EMIT_LOC_STRINGS = YES;
				SWIFT_VERSION = 5.0;
				TARGETED_DEVICE_FAMILY = "1,2";
			};
			name = Debug;
		};
		97A987F828DBB01F0037D939 /* Release */ = {
			isa = XCBuildConfiguration;
			buildSettings = {
				ASSETCATALOG_COMPILER_APPICON_NAME = AppIcon;
				ASSETCATALOG_COMPILER_GLOBAL_ACCENT_COLOR_NAME = AccentColor;
				CODE_SIGN_STYLE = Automatic;
				CURRENT_PROJECT_VERSION = 1;
				DEVELOPMENT_ASSET_PATHS = "\"SwiftUIState/Preview Content\"";
				ENABLE_PREVIEWS = YES;
				GENERATE_INFOPLIST_FILE = YES;
				INFOPLIST_KEY_UIApplicationSceneManifest_Generation = YES;
				INFOPLIST_KEY_UIApplicationSupportsIndirectInputEvents = YES;
				INFOPLIST_KEY_UILaunchScreen_Generation = YES;
				INFOPLIST_KEY_UISupportedInterfaceOrientations_iPad = "UIInterfaceOrientationPortrait UIInterfaceOrientationPortraitUpsideDown UIInterfaceOrientationLandscapeLeft UIInterfaceOrientationLandscapeRight";
				INFOPLIST_KEY_UISupportedInterfaceOrientations_iPhone = "UIInterfaceOrientationPortrait UIInterfaceOrientationLandscapeLeft UIInterfaceOrientationLandscapeRight";
				LD_RUNPATH_SEARCH_PATHS = (
					"$(inherited)",
					"@executable_path/Frameworks",
				);
				MARKETING_VERSION = 1.0;
				PRODUCT_BUNDLE_IDENTIFIER = com.meggleason.SwiftUIState;
				PRODUCT_NAME = "$(TARGET_NAME)";
				SWIFT_EMIT_LOC_STRINGS = YES;
				SWIFT_VERSION = 5.0;
				TARGETED_DEVICE_FAMILY = "1,2";
			};
			name = Release;
		};
		97A987FA28DBB01F0037D939 /* Debug */ = {
			isa = XCBuildConfiguration;
			buildSettings = {
				ALWAYS_EMBED_SWIFT_STANDARD_LIBRARIES = YES;
				BUNDLE_LOADER = "$(TEST_HOST)";
				CODE_SIGN_STYLE = Automatic;
				CURRENT_PROJECT_VERSION = 1;
				GENERATE_INFOPLIST_FILE = YES;
				IPHONEOS_DEPLOYMENT_TARGET = 16.0;
				MARKETING_VERSION = 1.0;
				PRODUCT_BUNDLE_IDENTIFIER = com.meggleason.SwiftUIStateTests;
				PRODUCT_NAME = "$(TARGET_NAME)";
				SWIFT_EMIT_LOC_STRINGS = NO;
				SWIFT_VERSION = 5.0;
				TARGETED_DEVICE_FAMILY = "1,2";
				TEST_HOST = "$(BUILT_PRODUCTS_DIR)/SwiftUIState.app/$(BUNDLE_EXECUTABLE_FOLDER_PATH)/SwiftUIState";
			};
			name = Debug;
		};
		97A987FB28DBB01F0037D939 /* Release */ = {
			isa = XCBuildConfiguration;
			buildSettings = {
				ALWAYS_EMBED_SWIFT_STANDARD_LIBRARIES = YES;
				BUNDLE_LOADER = "$(TEST_HOST)";
				CODE_SIGN_STYLE = Automatic;
				CURRENT_PROJECT_VERSION = 1;
				GENERATE_INFOPLIST_FILE = YES;
				IPHONEOS_DEPLOYMENT_TARGET = 16.0;
				MARKETING_VERSION = 1.0;
				PRODUCT_BUNDLE_IDENTIFIER = com.meggleason.SwiftUIStateTests;
				PRODUCT_NAME = "$(TARGET_NAME)";
				SWIFT_EMIT_LOC_STRINGS = NO;
				SWIFT_VERSION = 5.0;
				TARGETED_DEVICE_FAMILY = "1,2";
				TEST_HOST = "$(BUILT_PRODUCTS_DIR)/SwiftUIState.app/$(BUNDLE_EXECUTABLE_FOLDER_PATH)/SwiftUIState";
			};
			name = Release;
		};
		97A987FD28DBB01F0037D939 /* Debug */ = {
			isa = XCBuildConfiguration;
			buildSettings = {
				ALWAYS_EMBED_SWIFT_STANDARD_LIBRARIES = YES;
				CODE_SIGN_STYLE = Automatic;
				CURRENT_PROJECT_VERSION = 1;
				GENERATE_INFOPLIST_FILE = YES;
				MARKETING_VERSION = 1.0;
				PRODUCT_BUNDLE_IDENTIFIER = com.meggleason.SwiftUIStateUITests;
				PRODUCT_NAME = "$(TARGET_NAME)";
				SWIFT_EMIT_LOC_STRINGS = NO;
				SWIFT_VERSION = 5.0;
				TARGETED_DEVICE_FAMILY = "1,2";
				TEST_TARGET_NAME = SwiftUIState;
			};
			name = Debug;
		};
		97A987FE28DBB01F0037D939 /* Release */ = {
			isa = XCBuildConfiguration;
			buildSettings = {
				ALWAYS_EMBED_SWIFT_STANDARD_LIBRARIES = YES;
				CODE_SIGN_STYLE = Automatic;
				CURRENT_PROJECT_VERSION = 1;
				GENERATE_INFOPLIST_FILE = YES;
				MARKETING_VERSION = 1.0;
				PRODUCT_BUNDLE_IDENTIFIER = com.meggleason.SwiftUIStateUITests;
				PRODUCT_NAME = "$(TARGET_NAME)";
				SWIFT_EMIT_LOC_STRINGS = NO;
				SWIFT_VERSION = 5.0;
				TARGETED_DEVICE_FAMILY = "1,2";
				TEST_TARGET_NAME = SwiftUIState;
			};
			name = Release;
		};
/* End XCBuildConfiguration section */

/* Begin XCConfigurationList section */
		97A987CD28DBB01C0037D939 /* Build configuration list for PBXProject "SwiftUIState" */ = {
			isa = XCConfigurationList;
			buildConfigurations = (
				97A987F428DBB01F0037D939 /* Debug */,
				97A987F528DBB01F0037D939 /* Release */,
			);
			defaultConfigurationIsVisible = 0;
			defaultConfigurationName = Release;
		};
		97A987F628DBB01F0037D939 /* Build configuration list for PBXNativeTarget "SwiftUIState" */ = {
			isa = XCConfigurationList;
			buildConfigurations = (
				97A987F728DBB01F0037D939 /* Debug */,
				97A987F828DBB01F0037D939 /* Release */,
			);
			defaultConfigurationIsVisible = 0;
			defaultConfigurationName = Release;
		};
		97A987F928DBB01F0037D939 /* Build configuration list for PBXNativeTarget "SwiftUIStateTests" */ = {
			isa = XCConfigurationList;
			buildConfigurations = (
				97A987FA28DBB01F0037D939 /* Debug */,
				97A987FB28DBB01F0037D939 /* Release */,
			);
			defaultConfigurationIsVisible = 0;
			defaultConfigurationName = Release;
		};
		97A987FC28DBB01F0037D939 /* Build configuration list for PBXNativeTarget "SwiftUIStateUITests" */ = {
			isa = XCConfigurationList;
			buildConfigurations = (
				97A987FD28DBB01F0037D939 /* Debug */,
				97A987FE28DBB01F0037D939 /* Release */,
			);
			defaultConfigurationIsVisible = 0;
			defaultConfigurationName = Release;
		};
/* End XCConfigurationList section */
	};
	rootObject = 97A987CA28DBB01C0037D939 /* Project object */;
}
